hash: 7c53b0e29258ee2c23cccfb8258cdf06e6e9d14603f962f88be05824f531d2d3
updated: 2018-04-07T13:01:56.601612901+08:00
imports:
- name: github.com/aymerick/raymond
  version: 72acac2207479d21dd45898c2a4264246c818148
  subpackages:
  - ast
  - lexer
  - parser
- name: github.com/BurntSushi/toml
  version: b26d9c308763d68093482582cea63d69be07a0f0
- name: github.com/eknkc/amber
  version: 36cc79a544033040164c30297e399bdf7e2acd68
  subpackages:
  - parser
- name: github.com/fatih/structs
  version: 7e5a8eef611ee84dd359503f3969f80df4c50723
- name: github.com/flosch/pongo2
  version: 1f4be1efe3b3529b7e58861f75d70120a9567dc4
- name: github.com/hashicorp/go-version
  version: 03c5bf6be031b6dd45afec16b1cf94fc8938bc77
- name: github.com/iris-contrib/formBinder
  version: 81b6a071e35797b83562caf4b3cad24dc01912dc
- name: github.com/Joker/jade
  version: 35b3f5bdbcc920cd31f4870536dbc63be8530541
- name: github.com/json-iterator/go
  version: 46b20bbbec732e5326de636ae1de8394e47acf25
- name: github.com/juju/errors
  version: c7d06af17c68cd34c835053720b21f6549d9b0ee
- name: github.com/kataras/golog
  version: 2ed680e7b1f34147164fa8073373e14fce02ac30
- name: github.com/kataras/iris
  version: 41b17aca9ec493f6eedf17c0e5545cf134f2d445
  subpackages:
  - cache
  - cache/cfg
  - cache/client
  - cache/client/rule
  - cache/entry
  - cache/ruleset
  - cache/uri
  - context
  - core/errors
  - core/handlerconv
  - core/host
  - core/maintenance
  - core/maintenance/version
  - core/memstore
  - core/netutil
  - core/router
  - core/router/macro
  - core/router/macro/interpreter/ast
  - core/router/macro/interpreter/lexer
  - core/router/macro/interpreter/parser
  - core/router/macro/interpreter/token
  - core/router/node
  - middleware/logger
  - middleware/recover
  - view
- name: github.com/kataras/pio
  version: 825e39f34365e7db2c9fbc3692c16220e3bd7418
  subpackages:
  - terminal
- name: github.com/kataras/survey
  version: 00934ae069eda15df26fa427ac393e67e239380c
  subpackages:
  - core
  - terminal
- name: github.com/klauspost/compress
  version: f3dce52e0576655d55fd69e74b63da96ad1108f3
  subpackages:
  - flate
  - gzip
- name: github.com/klauspost/cpuid
  version: 09cded8978dc9e80714c4d85b0322337b0a1e5e0
- name: github.com/mattn/go-colorable
  version: ed8eb9e318d7a84ce5915b495b7d35e0cfe7b5a8
- name: github.com/mattn/go-isatty
  version: 66b8e73f3f5cda9f96b69efd03dd3d7fc4a5cdb8
- name: github.com/mgutz/ansi
  version: 9520e82c474b0a04dd04f8a40959027271bab992
- name: github.com/microcosm-cc/bluemonday
  version: e79763773ab6222ca1d5a7cbd9d62d83c1f77081
- name: github.com/ryanuber/columnize
  version: abc90934186a77966e2beeac62ed966aac0561d5
- name: github.com/satori/go.uuid
  version: f58768cc1a7a7e77a3bd49e98cdd21419399b6a3
- name: github.com/shurcooL/sanitized_anchor_name
  version: 86672fcb3f950f35f2e675df2240550f2a50762f
- name: golang.org/x/crypto
  version: 94eea52f7b742c7cbe0b03b22f0c4c8631ece122
  subpackages:
  - acme
  - acme/autocert
- name: golang.org/x/net
  version: ddf80d0970594e2e4cccf5a98861cad3d9eaa4cd
  subpackages:
  - html
  - html/atom
- name: golang.org/x/sys
  version: a0f4589a76f1f83070cb9e5613809e1d07b97c13
  subpackages:
  - unix
- name: gopkg.in/russross/blackfriday.v2
  version: cadec560ec52d93835bf2f15bd794700d3a2473b
- name: gopkg.in/yaml.v2
  version: cd8b52f8269e0feb286dfeef29f8fe4d5b397e0b
testImports: []
